# THIS IS AN AUTOGENERATED FILE. DO NOT EDIT THIS FILE DIRECTLY.
# yarn lockfile v1


"@radix-ui/number@1.1.0":
  version "1.1.0"
  resolved "https://registry.yarnpkg.com/@radix-ui/number/-/number-1.1.0.tgz#1e95610461a09cdf8bb05c152e76ca1278d5da46"
  integrity sha512-V3gRzhVNU1ldS5XhAPTom1fOIo4ccrjjJgmE+LI2h/WaFpHmx0MQApT+KZHnx8abG6Avtfcz4WoEciMnpFT3HQ==

"@radix-ui/primitive@1.1.1":
  version "1.1.1"
  resolved "https://registry.yarnpkg.com/@radix-ui/primitive/-/primitive-1.1.1.tgz#fc169732d755c7fbad33ba8d0cd7fd10c90dc8e3"
  integrity sha512-SJ31y+Q/zAyShtXJc8x83i9TYdbAfHZ++tUZnvjJJqFjzsdUnKsxPL6IEtBlxKkU7yzer//GQtZSV4GbldL3YA==

"@radix-ui/react-accordion@^1.2.2":
  version "1.2.2"
  resolved "https://registry.yarnpkg.com/@radix-ui/react-accordion/-/react-accordion-1.2.2.tgz#96ac3de896189553219e342d5e773589eb119dce"
  integrity sha512-b1oh54x4DMCdGsB4/7ahiSrViXxaBwRPotiZNnYXjLha9vfuURSAZErki6qjDoSIV0eXx5v57XnTGVtGwnfp2g==
  dependencies:
    "@radix-ui/primitive" "1.1.1"
    "@radix-ui/react-collapsible" "1.1.2"
    "@radix-ui/react-collection" "1.1.1"
    "@radix-ui/react-compose-refs" "1.1.1"
    "@radix-ui/react-context" "1.1.1"
    "@radix-ui/react-direction" "1.1.0"
    "@radix-ui/react-id" "1.1.0"
    "@radix-ui/react-primitive" "2.0.1"
    "@radix-ui/react-use-controllable-state" "1.1.0"

"@radix-ui/react-collapsible@1.1.2", "@radix-ui/react-collapsible@^1.1.2":
  version "1.1.2"
  resolved "https://registry.yarnpkg.com/@radix-ui/react-collapsible/-/react-collapsible-1.1.2.tgz#42477c428bb0d2eec35b9b47601c5ff0a6210165"
  integrity sha512-PliMB63vxz7vggcyq0IxNYk8vGDrLXVWw4+W4B8YnwI1s18x7YZYqlG9PLX7XxAJUi0g2DxP4XKJMFHh/iVh9A==
  dependencies:
    "@radix-ui/primitive" "1.1.1"
    "@radix-ui/react-compose-refs" "1.1.1"
    "@radix-ui/react-context" "1.1.1"
    "@radix-ui/react-id" "1.1.0"
    "@radix-ui/react-presence" "1.1.2"
    "@radix-ui/react-primitive" "2.0.1"
    "@radix-ui/react-use-controllable-state" "1.1.0"
    "@radix-ui/react-use-layout-effect" "1.1.0"

"@radix-ui/react-collection@1.1.1":
  version "1.1.1"
  resolved "https://registry.yarnpkg.com/@radix-ui/react-collection/-/react-collection-1.1.1.tgz#be2c7e01d3508e6d4b6d838f492e7d182f17d3b0"
  integrity sha512-LwT3pSho9Dljg+wY2KN2mrrh6y3qELfftINERIzBUO9e0N+t0oMTyn3k9iv+ZqgrwGkRnLpNJrsMv9BZlt2yuA==
  dependencies:
    "@radix-ui/react-compose-refs" "1.1.1"
    "@radix-ui/react-context" "1.1.1"
    "@radix-ui/react-primitive" "2.0.1"
    "@radix-ui/react-slot" "1.1.1"

"@radix-ui/react-compose-refs@1.1.1":
  version "1.1.1"
  resolved "https://registry.yarnpkg.com/@radix-ui/react-compose-refs/-/react-compose-refs-1.1.1.tgz#6f766faa975f8738269ebb8a23bad4f5a8d2faec"
  integrity sha512-Y9VzoRDSJtgFMUCoiZBDVo084VQ5hfpXxVE+NgkdNsjiDBByiImMZKKhxMwCbdHvhlENG6a833CbFkOQvTricw==

"@radix-ui/react-context@1.1.1":
  version "1.1.1"
  resolved "https://registry.yarnpkg.com/@radix-ui/react-context/-/react-context-1.1.1.tgz#82074aa83a472353bb22e86f11bcbd1c61c4c71a"
  integrity sha512-UASk9zi+crv9WteK/NU4PLvOoL3OuE6BWVKNF6hPRBtYBDXQ2u5iu3O59zUlJiTVvkyuycnqrztsHVJwcK9K+Q==

"@radix-ui/react-direction@1.1.0":
  version "1.1.0"
  resolved "https://registry.yarnpkg.com/@radix-ui/react-direction/-/react-direction-1.1.0.tgz#a7d39855f4d077adc2a1922f9c353c5977a09cdc"
  integrity sha512-BUuBvgThEiAXh2DWu93XsT+a3aWrGqolGlqqw5VU1kG7p/ZH2cuDlM1sRLNnY3QcBS69UIz2mcKhMxDsdewhjg==

"@radix-ui/react-id@1.1.0":
  version "1.1.0"
  resolved "https://registry.yarnpkg.com/@radix-ui/react-id/-/react-id-1.1.0.tgz#de47339656594ad722eb87f94a6b25f9cffae0ed"
  integrity sha512-EJUrI8yYh7WOjNOqpoJaf1jlFIH2LvtgAl+YcFqNCa+4hj64ZXmPkAKOFs/ukjz3byN6bdb/AVUqHkI8/uWWMA==
  dependencies:
    "@radix-ui/react-use-layout-effect" "1.1.0"

"@radix-ui/react-presence@1.1.2":
  version "1.1.2"
  resolved "https://registry.yarnpkg.com/@radix-ui/react-presence/-/react-presence-1.1.2.tgz#bb764ed8a9118b7ec4512da5ece306ded8703cdc"
  integrity sha512-18TFr80t5EVgL9x1SwF/YGtfG+l0BS0PRAlCWBDoBEiDQjeKgnNZRVJp/oVBl24sr3Gbfwc/Qpj4OcWTQMsAEg==
  dependencies:
    "@radix-ui/react-compose-refs" "1.1.1"
    "@radix-ui/react-use-layout-effect" "1.1.0"

"@radix-ui/react-primitive@2.0.1":
  version "2.0.1"
  resolved "https://registry.yarnpkg.com/@radix-ui/react-primitive/-/react-primitive-2.0.1.tgz#6d9efc550f7520135366f333d1e820cf225fad9e"
  integrity sha512-sHCWTtxwNn3L3fH8qAfnF3WbUZycW93SM1j3NFDzXBiz8D6F5UTTy8G1+WFEaiCdvCVRJWj6N2R4Xq6HdiHmDg==
  dependencies:
    "@radix-ui/react-slot" "1.1.1"

"@radix-ui/react-progress@^1.1.1":
  version "1.1.1"
  resolved "https://registry.yarnpkg.com/@radix-ui/react-progress/-/react-progress-1.1.1.tgz#af923714ba3723be9c510536749d6c530d8670e4"
  integrity sha512-6diOawA84f/eMxFHcWut0aE1C2kyE9dOyCTQOMRR2C/qPiXz/X0SaiA/RLbapQaXUCmy0/hLMf9meSccD1N0pA==
  dependencies:
    "@radix-ui/react-context" "1.1.1"
    "@radix-ui/react-primitive" "2.0.1"

"@radix-ui/react-scroll-area@^1.2.2":
  version "1.2.2"
  resolved "https://registry.yarnpkg.com/@radix-ui/react-scroll-area/-/react-scroll-area-1.2.2.tgz#28e34fd4d83e9de5d987c5e8914a7bd8be9546a5"
  integrity sha512-EFI1N/S3YxZEW/lJ/H1jY3njlvTd8tBmgKEn4GHi51+aMm94i6NmAJstsm5cu3yJwYqYc93gpCPm21FeAbFk6g==
  dependencies:
    "@radix-ui/number" "1.1.0"
    "@radix-ui/primitive" "1.1.1"
    "@radix-ui/react-compose-refs" "1.1.1"
    "@radix-ui/react-context" "1.1.1"
    "@radix-ui/react-direction" "1.1.0"
    "@radix-ui/react-presence" "1.1.2"
    "@radix-ui/react-primitive" "2.0.1"
    "@radix-ui/react-use-callback-ref" "1.1.0"
    "@radix-ui/react-use-layout-effect" "1.1.0"

"@radix-ui/react-separator@^1.1.1":
  version "1.1.1"
  resolved "https://registry.yarnpkg.com/@radix-ui/react-separator/-/react-separator-1.1.1.tgz#dd60621553c858238d876be9b0702287424866d2"
  integrity sha512-RRiNRSrD8iUiXriq/Y5n4/3iE8HzqgLHsusUSg5jVpU2+3tqcUFPJXHDymwEypunc2sWxDUS3UC+rkZRlHedsw==
  dependencies:
    "@radix-ui/react-primitive" "2.0.1"

"@radix-ui/react-slot@1.1.1":
  version "1.1.1"
  resolved "https://registry.yarnpkg.com/@radix-ui/react-slot/-/react-slot-1.1.1.tgz#ab9a0ffae4027db7dc2af503c223c978706affc3"
  integrity sha512-RApLLOcINYJA+dMVbOju7MYv1Mb2EBp2nH4HdDzXTSyaR5optlm6Otrz1euW3HbdOR8UmmFK06TD+A9frYWv+g==
  dependencies:
    "@radix-ui/react-compose-refs" "1.1.1"

"@radix-ui/react-toggle@^1.1.1":
  version "1.1.1"
  resolved "https://registry.yarnpkg.com/@radix-ui/react-toggle/-/react-toggle-1.1.1.tgz#939162f87d2c6cfba912a9908ed5ee651bd1ce8f"
  integrity sha512-i77tcgObYr743IonC1hrsnnPmszDRn8p+EGUsUt+5a/JFn28fxaM88Py6V2mc8J5kELMWishI0rLnuGLFD/nnQ==
  dependencies:
    "@radix-ui/primitive" "1.1.1"
    "@radix-ui/react-primitive" "2.0.1"
    "@radix-ui/react-use-controllable-state" "1.1.0"

"@radix-ui/react-use-callback-ref@1.1.0":
  version "1.1.0"
  resolved "https://registry.yarnpkg.com/@radix-ui/react-use-callback-ref/-/react-use-callback-ref-1.1.0.tgz#bce938ca413675bc937944b0d01ef6f4a6dc5bf1"
  integrity sha512-CasTfvsy+frcFkbXtSJ2Zu9JHpN8TYKxkgJGWbjiZhFivxaeW7rMeZt7QELGVLaYVfFMsKHjb7Ak0nMEe+2Vfw==

"@radix-ui/react-use-controllable-state@1.1.0":
  version "1.1.0"
  resolved "https://registry.yarnpkg.com/@radix-ui/react-use-controllable-state/-/react-use-controllable-state-1.1.0.tgz#1321446857bb786917df54c0d4d084877aab04b0"
  integrity sha512-MtfMVJiSr2NjzS0Aa90NPTnvTSg6C/JLCV7ma0W6+OMV78vd8OyRpID+Ng9LxzsPbLeuBnWBA1Nq30AtBIDChw==
  dependencies:
    "@radix-ui/react-use-callback-ref" "1.1.0"

"@radix-ui/react-use-layout-effect@1.1.0":
  version "1.1.0"
  resolved "https://registry.yarnpkg.com/@radix-ui/react-use-layout-effect/-/react-use-layout-effect-1.1.0.tgz#3c2c8ce04827b26a39e442ff4888d9212268bd27"
  integrity sha512-+FPE0rOdziWSrH9athwI1R0HDVbWlEhd+FR+aSDk4uWGmSJ9Z54sdZVDQPZAinJhJXwfT+qnj969mCsT2gfm5w==

embla-carousel-react@^8.5.2:
  version "8.5.2"
  resolved "https://registry.yarnpkg.com/embla-carousel-react/-/embla-carousel-react-8.5.2.tgz#f79f6c36690596fe2aceec994372ab84bfbfd9cc"
  integrity sha512-Tmx+uY3MqseIGdwp0ScyUuxpBgx5jX1f7od4Cm5mDwg/dptEiTKf9xp6tw0lZN2VA9JbnVMl/aikmbc53c6QFA==
  dependencies:
    embla-carousel "8.5.2"
    embla-carousel-reactive-utils "8.5.2"

embla-carousel-reactive-utils@8.5.2:
  version "8.5.2"
  resolved "https://registry.yarnpkg.com/embla-carousel-reactive-utils/-/embla-carousel-reactive-utils-8.5.2.tgz#914bf99c3d91e0809282fc1d14df3d1453f222c1"
  integrity sha512-QC8/hYSK/pEmqEdU1IO5O+XNc/Ptmmq7uCB44vKplgLKhB/l0+yvYx0+Cv0sF6Ena8Srld5vUErZkT+yTahtDg==

embla-carousel@8.5.2:
  version "8.5.2"
  resolved "https://registry.yarnpkg.com/embla-carousel/-/embla-carousel-8.5.2.tgz#95eb936d14a1b9a67b9207a0fde1f25259a5d692"
  integrity sha512-xQ9oVLrun/eCG/7ru3R+I5bJ7shsD8fFwLEY7yPe27/+fDHCNj0OT5EoG5ZbFyOxOcG6yTwW8oTz/dWyFnyGpg==
